
Microsoft Visual Studio Solution File, Format Version 12.00
# Visual Studio 15
Project("{FAE04EC0-301F-11D3-BF4B-00C04F79EFBC}") = "Assembly-CSharp", "Assembly-CSharp.csproj", "{D24131F0-4B6B-AD60-9C67-537716F18005}"
EndProject
Project("{FAE04EC0-301F-11D3-BF4B-00C04F79EFBC}") = "Assembly-CSharp-Editor", "Assembly-CSharp-Editor.csproj", "{DF371703-9BA8-9546-B55C-C891968DBAE6}"
EndProject
Global
	GlobalSection(SolutionConfigurationPlatforms) = preSolution
		Debug|Any CPU = Debug|Any CPU
		Release|Any CPU = Release|Any CPU
	EndGlobalSection
	GlobalSection(ProjectConfigurationPlatforms) = postSolution
		{D24131F0-4B6B-AD60-9C67-537716F18005}.Debug|Any CPU.ActiveCfg = Debug|Any CPU
		{D24131F0-4B6B-AD60-9C67-537716F18005}.Debug|Any CPU.Build.0 = Debug|Any CPU
		{D24131F0-4B6B-AD60-9C67-537716F18005}.Release|Any CPU.ActiveCfg = Release|Any CPU
		{D24131F0-4B6B-AD60-9C67-537716F18005}.Release|Any CPU.Build.0 = Release|Any CPU
		{DF371703-9BA8-9546-B55C-C891968DBAE6}.Debug|Any CPU.ActiveCfg = Debug|Any CPU
		{DF371703-9BA8-9546-B55C-C891968DBAE6}.Debug|Any CPU.Build.0 = Debug|Any CPU
		{DF371703-9BA8-9546-B55C-C891968DBAE6}.Release|Any CPU.ActiveCfg = Release|Any CPU
		{DF371703-9BA8-9546-B55C-C891968DBAE6}.Release|Any CPU.Build.0 = Release|Any CPU
	EndGlobalSection
	GlobalSection(SolutionProperties) = preSolution
		HideSolutionNode = FALSE
	EndGlobalSection
EndGlobal
